{
  "requires": true,
  "lockfileVersion": 1,
  "dependencies": {
    "open-color": {
      "version": "1.6.3",
      "resolved": "https://registry.npmjs.org/open-color/-/open-color-1.6.3.tgz",
      "integrity": "sha512-UAnb19odLDupaVDSioSHZZlWEkJvKHDE7CxB3Zg1vS0FpHAc72AkzfH0wCSwYK5TKg6bjtmFSfmQF9FcjQANZA=="
    }
  }
}
